
Microsoft Visual Studio Solution File, Format Version 12.00
# Visual Studio Version 16
VisualStudioVersion = 16.0.31424.327
MinimumVisualStudioVersion = 10.0.40219.1
Project("{FAE04EC0-301F-11D3-BF4B-00C04F79EFBC}") = "HelloWorld", "HelloWorld.csproj", "{0F5F792D-B9BA-489F-AC4A-2806A61EF6AC}"
EndProject
Global
	GlobalSection(SolutionConfigurationPlatforms) = preSolution
		Debug|Any CPU = Debug|Any CPU
		Release|Any CPU = Release|Any CPU
	EndGlobalSection
	GlobalSection(ProjectConfigurationPlatforms) = postSolution
		{0F5F792D-B9BA-489F-AC4A-2806A61EF6AC}.Debug|Any CPU.ActiveCfg = Debug|Any CPU
		{0F5F792D-B9BA-489F-AC4A-2806A61EF6AC}.Debug|Any CPU.Build.0 = Debug|Any CPU
		{0F5F792D-B9BA-489F-AC4A-2806A61EF6AC}.Release|Any CPU.ActiveCfg = Release|Any CPU
		{0F5F792D-B9BA-489F-AC4A-2806A61EF6AC}.Release|Any CPU.Build.0 = Release|Any CPU
	EndGlobalSection
	GlobalSection(SolutionProperties) = preSolution
		HideSolutionNode = FALSE
	EndGlobalSection
	GlobalSection(ExtensibilityGlobals) = postSolution
		SolutionGuid = {41AC6726-035C-4C92-8E3C-DFDAC4BA3FB8}
	EndGlobalSection
EndGlobal
